
Microsoft Visual Studio Solution File, Format Version 12.00
# Visual Studio Version 17
VisualStudioVersion = 17.13.35913.81 d17.13
MinimumVisualStudioVersion = 10.0.40219.1
Project("{FAE04EC0-301F-11D3-BF4B-00C04F79EFBC}") = "WinFormsApp1", "WinFormsApp1\WinFormsApp1.csproj", "{CEA10B7E-775E-4998-BED6-70C1B0841571}"
EndProject
Global
	GlobalSection(SolutionConfigurationPlatforms) = preSolution
		Debug|Any CPU = Debug|Any CPU
		Release|Any CPU = Release|Any CPU
	EndGlobalSection
	GlobalSection(ProjectConfigurationPlatforms) = postSolution
		{CEA10B7E-775E-4998-BED6-70C1B0841571}.Debug|Any CPU.ActiveCfg = Debug|Any CPU
		{CEA10B7E-775E-4998-BED6-70C1B0841571}.Debug|Any CPU.Build.0 = Debug|Any CPU
		{CEA10B7E-775E-4998-BED6-70C1B0841571}.Release|Any CPU.ActiveCfg = Release|Any CPU
		{CEA10B7E-775E-4998-BED6-70C1B0841571}.Release|Any CPU.Build.0 = Release|Any CPU
	EndGlobalSection
	GlobalSection(SolutionProperties) = preSolution
		HideSolutionNode = FALSE
	EndGlobalSection
	GlobalSection(ExtensibilityGlobals) = postSolution
		SolutionGuid = {7DEFAF9C-181A-4085-B71B-A2217CF90EA2}
	EndGlobalSection
EndGlobal
